// !$*UTF8*$!
{
	archiveVersion = 1;
	classes = {
	};
	objectVersion = 46;
	objects = {

/* Begin PBXBuildFile section */
		39FACDA01E9B6FAF00EF9F02 /* AppDelegate.swift in Sources */ = {isa = PBXBuildFile; fileRef = 39FACD9F1E9B6FAF00EF9F02 /* AppDelegate.swift */; };
		39FACDA21E9B6FAF00EF9F02 /* ViewController.swift in Sources */ = {isa = PBXBuildFile; fileRef = 39FACDA11E9B6FAF00EF9F02 /* ViewController.swift */; };
		39FACDA51E9B6FAF00EF9F02 /* Main.storyboard in Resources */ = {isa = PBXBuildFile; fileRef = 39FACDA31E9B6FAF00EF9F02 /* Main.storyboard */; };
		39FACDA71E9B6FAF00EF9F02 /* Assets.xcassets in Resources */ = {isa = PBXBuildFile; fileRef = 39FACDA61E9B6FAF00EF9F02 /* Assets.xcassets */; };
		39FACDAA1E9B6FAF00EF9F02 /* LaunchScreen.storyboard in Resources */ = {isa = PBXBuildFile; fileRef = 39FACDA81E9B6FAF00EF9F02 /* LaunchScreen.storyboard */; };
/* End PBXBuildFile section */

/* Begin PBXFileReference section */
		39FACD9C1E9B6FAF00EF9F02 /* learnDev1.app */ = {isa = PBXFileReference; explicitFileType = wrapper.application; includeInIndex = 0; path = learnDev1.app; sourceTree = BUILT_PRODUCTS_DIR; };
		39FACD9F1E9B6FAF00EF9F02 /* AppDelegate.swift */ = {isa = PBXFileReference; lastKnownFileType = sourcecode.swift; path = AppDelegate.swift; sourceTree = "<group>"; };
		39FACDA11E9B6FAF00EF9F02 /* ViewController.swift */ = {isa = PBXFileReference; lastKnownFileType = sourcecode.swift; path = ViewController.swift; sourceTree = "<group>"; };
		39FACDA41E9B6FAF00EF9F02 /* Base */ = {isa = PBXFileReference; lastKnownFileType = file.storyboard; name = Base; path = Base.lproj/Main.storyboard; sourceTree = "<group>"; };
		39FACDA61E9B6FAF00EF9F02 /* Assets.xcassets */ = {isa = PBXFileReference; lastKnownFileType = folder.assetcatalog; path = Assets.xcassets; sourceTree = "<group>"; };
		39FACDA91E9B6FAF00EF9F02 /* Base */ = {isa = PBXFileReference; lastKnownFileType = file.storyboard; name = Base; path = Base.lproj/LaunchScreen.storyboard; sourceTree = "<group>"; };
		39FACDAB1E9B6FAF00EF9F02 /* Info.plist */ = {isa = PBXFileReference; lastKnownFileType = text.plist.xml; path = Info.plist; sourceTree = "<group>"; };
/* End PBXFileReference section */

/* Begin PBXFrameworksBuildPhase section */
		39FACD991E9B6FAF00EF9F02 /* Frameworks */ = {
			isa = PBXFrameworksBuildPhase;
			buildActionMask = 2147483647;
			files = (
			);
			runOnlyForDeploymentPostprocessing = 0;
		};
/* End PBXFrameworksBuildPhase section */

/* Begin PBXGroup section */
		39FACD931E9B6FAE00EF9F02 = {
			isa = PBXGroup;
			children = (
				39FACD9E1E9B6FAF00EF9F02 /* learnDev1 */,
				39FACD9D1E9B6FAF00EF9F02 /* Products */,
			);
			sourceTree = "<group>";
		};
		39FACD9D1E9B6FAF00EF9F02 /* Products */ = {
			isa = PBXGroup;
			children = (
				39FACD9C1E9B6FAF00EF9F02 /* learnDev1.app */,
			);
			name = Products;
			sourceTree = "<group>";
		};
		39FACD9E1E9B6FAF00EF9F02 /* learnDev1 */ = {
			isa = PBXGroup;
			children = (
				39FACD9F1E9B6FAF00EF9F02 /* AppDelegate.swift */,
				39FACDA11E9B6FAF00EF9F02 /* ViewController.swift */,
				39FACDA31E9B6FAF00EF9F02 /* Main.storyboard */,
				39FACDA61E9B6FAF00EF9F02 /* Assets.xcassets */,
				39FACDA81E9B6FAF00EF9F02 /* LaunchScreen.storyboard */,
				39FACDAB1E9B6FAF00EF9F02 /* Info.plist */,
			);
			path = learnDev1;
			sourceTree = "<group>";
		};
/* End PBXGroup section */

/* Begin PBXNativeTarget section */
		39FACD9B1E9B6FAF00EF9F02 /* learnDev1 */ = {
			isa = PBXNativeTarget;
			buildConfigurationList = 39FACDAE1E9B6FAF00EF9F02 /* Build configuration list for PBXNativeTarget "learnDev1" */;
			buildPhases = (
				39FACD981E9B6FAF00EF9F02 /* Sources */,
				39FACD991E9B6FAF00EF9F02 /* Frameworks */,
				39FACD9A1E9B6FAF00EF9F02 /* Resources */,
			);
			buildRules = (
			);
			dependencies = (
			);
			name = learnDev1;
			productName = learnDev1;
			productReference = 39FACD9C1E9B6FAF00EF9F02 /* learnDev1.app */;
			productType = "com.apple.product-type.application";
		};
/* End PBXNativeTarget section */

/* Begin PBXProject section */
		39FACD941E9B6FAE00EF9F02 /* Project object */ = {
			isa = PBXProject;
			attributes = {
				LastSwiftUpdateCheck = 0830;
				LastUpgradeCheck = 0830;
				ORGANIZATIONNAME = Approcks;
				TargetAttributes = {
					39FACD9B1E9B6FAF00EF9F02 = {
						CreatedOnToolsVersion = 8.3;
						ProvisioningStyle = Automatic;
					};
				};
			};
			buildConfigurationList = 39FACD971E9B6FAE00EF9F02 /* Build configuration list for PBXProject "learnDev1" */;
			compatibilityVersion = "Xcode 3.2";
			developmentRegion = English;
			hasScannedForEncodings = 0;
			knownRegions = (
				en,
				Base,
			);
			mainGroup = 39FACD931E9B6FAE00EF9F02;
			productRefGroup = 39FACD9D1E9B6FAF00EF9F02 /* Products */;
			projectDirPath = "";
			projectRoot = "";
			targets = (
				39FACD9B1E9B6FAF00EF9F02 /* learnDev1 */,
			);
		};
/* End PBXProject section */

/* Begin PBXResourcesBuildPhase section */
		39FACD9A1E9B6FAF00EF9F02 /* Resources */ = {
			isa = PBXResourcesBuildPhase;
			buildActionMask = 2147483647;
			files = (
				39FACDAA1E9B6FAF00EF9F02 /* LaunchScreen.storyboard in Resources */,
				39FACDA71E9B6FAF00EF9F02 /* Assets.xcassets in Resources */,
				39FACDA51E9B6FAF00EF9F02 /* Main.storyboard in Resources */,
			);
			runOnlyForDeploymentPostprocessing = 0;
		};
/* End PBXResourcesBuildPhase section */

/* Begin PBXSourcesBuildPhase section */
		39FACD981E9B6FAF00EF9F02 /* Sources */ = {
			isa = PBXSourcesBuildPhase;
			buildActionMask = 2147483647;
			files = (
				39FACDA21E9B6FAF00EF9F02 /* ViewController.swift in Sources */,
				39FACDA01E9B6FAF00EF9F02 /* AppDelegate.swift in Sources */,
			);
			runOnlyForDeploymentPostprocessing = 0;
		};
/* End PBXSourcesBuildPhase section */

/* Begin PBXVariantGroup section */
		39FACDA31E9B6FAF00EF9F02 /* Main.storyboard */ = {
			isa = PBXVariantGroup;
			children = (
				39FACDA41E9B6FAF00EF9F02 /* Base */,
			);
			name = Main.storyboard;
			sourceTree = "<group>";
		};
		39FACDA81E9B6FAF00EF9F02 /* LaunchScreen.storyboard */ = {
			isa = PBXVariantGroup;
			children = (
				39FACDA91E9B6FAF00EF9F02 /* Base */,
			);
			name = LaunchScreen.storyboard;
			sourceTree = "<group>";
		};
/* End PBXVariantGroup section */

/* Begin XCBuildConfiguration section */
		39FACDAC1E9B6FAF00EF9F02 /* Debug */ = {
			isa = XCBuildConfiguration;
			buildSettings = {
				ALWAYS_SEARCH_USER_PATHS = NO;
				CLANG_ANALYZER_NONNULL = YES;
				CLANG_ANALYZER_NUMBER_OBJECT_CONVERSION = YES_AGGRESSIVE;
				CLANG_CXX_LANGUAGE_STANDARD = "gnu++0x";
				CLANG_CXX_LIBRARY = "libc++";
				CLANG_ENABLE_MODULES = YES;
				CLANG_ENABLE_OBJC_ARC = YES;
				CLANG_WARN_BOOL_CONVERSION = YES;
				CLANG_WARN_CONSTANT_CONVERSION = YES;
				CLANG_WARN_DIRECT_OBJC_ISA_USAGE = YES_ERROR;
				CLANG_WARN_DOCUMENTATION_COMMENTS = YES;
				CLANG_WARN_EMPTY_BODY = YES;
				CLANG_WARN_ENUM_CONVERSION = YES;
				CLANG_WARN_INFINITE_RECURSION = YES;
				CLANG_WARN_INT_CONVERSION = YES;
				CLANG_WARN_OBJC_ROOT_CLASS = YES_ERROR;
				CLANG_WARN_SUSPICIOUS_MOVE = YES;
				CLANG_WARN_UNREACHABLE_CODE = YES;
				CLANG_WARN__DUPLICATE_METHOD_MATCH = YES;
				"CODE_SIGN_IDENTITY[sdk=iphoneos*]" = "iPhone Developer";
				COPY_PHASE_STRIP = NO;
				DEBUG_INFORMATION_FORMAT = dwarf;
				ENABLE_STRICT_OBJC_MSGSEND = YES;
				ENABLE_TESTABILITY = YES;
				GCC_C_LANGUAGE_STANDARD = gnu99;
				GCC_DYNAMIC_NO_PIC = NO;
				GCC_NO_COMMON_BLOCKS = YES;
				GCC_OPTIMIZATION_LEVEL = 0;
				GCC_PREPROCESSOR_DEFINITIONS = (
					"DEBUG=1",
					"$(inherited)",
				);
				GCC_WARN_64_TO_32_BIT_CONVERSION = YES;
				GCC_WARN_ABOUT_RETURN_TYPE = YES_ERROR;
				GCC_WARN_UNDECLARED_SELECTOR = YES;
				GCC_WARN_UNINITIALIZED_AUTOS = YES_AGGRESSIVE;
				GCC_WARN_UNUSED_FUNCTION = YES;
				GCC_WARN_UNUSED_VARIABLE = YES;
				IPHONEOS_DEPLOYMENT_TARGET = 10.3;
				MTL_ENABLE_DEBUG_INFO = YES;
				ONLY_ACTIVE_ARCH = YES;
				SDKROOT = iphoneos;
				SWIFT_ACTIVE_COMPILATION_CONDITIONS = DEBUG;
				SWIFT_OPTIMIZATION_LEVEL = "-Onone";
				TARGETED_DEVICE_FAMILY = "1,2";
			};
			name = Debug;
		};
		39FACDAD1E9B6FAF00EF9F02 /* Release */ = {
			isa = XCBuildConfiguration;
			buildSettings = {
				ALWAYS_SEARCH_USER_PATHS = NO;
				CLANG_ANALYZER_NONNULL = YES;
				CLANG_ANALYZER_NUMBER_OBJECT_CONVERSION = YES_AGGRESSIVE;
				CLANG_CXX_LANGUAGE_STANDARD = "gnu++0x";
				CLANG_CXX_LIBRARY = "libc++";
				CLANG_ENABLE_MODULES = YES;
				CLANG_ENABLE_OBJC_ARC = YES;
				CLANG_WARN_BOOL_CONVERSION = YES;
				CLANG_WARN_CONSTANT_CONVERSION = YES;
				CLANG_WARN_DIRECT_OBJC_ISA_USAGE = YES_ERROR;
				CLANG_WARN_DOCUMENTATION_COMMENTS = YES;
				CLANG_WARN_EMPTY_BODY = YES;
				CLANG_WARN_ENUM_CONVERSION = YES;
				CLANG_WARN_INFINITE_RECURSION = YES;
				CLANG_WARN_INT_CONVERSION = YES;
				CLANG_WARN_OBJC_ROOT_CLASS = YES_ERROR;
				CLANG_WARN_SUSPICIOUS_MOVE = YES;
				CLANG_WARN_UNREACHABLE_CODE = YES;
				CLANG_WARN__DUPLICATE_METHOD_MATCH = YES;
				"CODE_SIGN_IDENTITY[sdk=iphoneos*]" = "iPhone Developer";
				COPY_PHASE_STRIP = NO;
				DEBUG_INFORMATION_FORMAT = "dwarf-with-dsym";
				ENABLE_NS_ASSERTIONS = NO;
				ENABLE_STRICT_OBJC_MSGSEND = YES;
				GCC_C_LANGUAGE_STANDARD = gnu99;
				GCC_NO_COMMON_BLOCKS = YES;
				GCC_WARN_64_TO_32_BIT_CONVERSION = YES;
				GCC_WARN_ABOUT_RETURN_TYPE = YES_ERROR;
				GCC_WARN_UNDECLARED_SELECTOR = YES;
				GCC_WARN_UNINITIALIZED_AUTOS = YES_AGGRESSIVE;
				GCC_WARN_UNUSED_FUNCTION = YES;
				GCC_WARN_UNUSED_VARIABLE = YES;
				IPHONEOS_DEPLOYMENT_TARGET = 10.3;
				MTL_ENABLE_DEBUG_INFO = NO;
				SDKROOT = iphoneos;
				SWIFT_OPTIMIZATION_LEVEL = "-Owholemodule";
				TARGETED_DEVICE_FAMILY = "1,2";
				VALIDATE_PRODUCT = YES;
			};
			name = Release;
		};
		39FACDAF1E9B6FAF00EF9F02 /* Debug */ = {
			isa = XCBuildConfiguration;
			buildSettings = {
				ASSETCATALOG_COMPILER_APPICON_NAME = AppIcon;
				INFOPLIST_FILE = learnDev1/Info.plist;
				LD_RUNPATH_SEARCH_PATHS = "$(inherited) @executable_path/Frameworks";
				PRODUCT_BUNDLE_IDENTIFIER = com.Approcks.learnDev1;
				PRODUCT_NAME = "$(TARGET_NAME)";
				SWIFT_VERSION = 3.0;
			};
			name = Debug;
		};
		39FACDB01E9B6FAF00EF9F02 /* Release */ = {
			isa = XCBuildConfiguration;
			buildSettings = {
				ASSETCATALOG_COMPILER_APPICON_NAME = AppIcon;
				INFOPLIST_FILE = learnDev1/Info.plist;
				LD_RUNPATH_SEARCH_PATHS = "$(inherited) @executable_path/Frameworks";
				PRODUCT_BUNDLE_IDENTIFIER = com.Approcks.learnDev1;
				PRODUCT_NAME = "$(TARGET_NAME)";
				SWIFT_VERSION = 3.0;
			};
			name = Release;
		};
/* End XCBuildConfiguration section */

/* Begin XCConfigurationList section */
		39FACD971E9B6FAE00EF9F02 /* Build configuration list for PBXProject "learnDev1" */ = {
			isa = XCConfigurationList;
			buildConfigurations = (
				39FACDAC1E9B6FAF00EF9F02 /* Debug */,
				39FACDAD1E9B6FAF00EF9F02 /* Release */,
			);
			defaultConfigurationIsVisible = 0;
			defaultConfigurationName = Release;
		};
		39FACDAE1E9B6FAF00EF9F02 /* Build configuration list for PBXNativeTarget "learnDev1" */ = {
			isa = XCConfigurationList;
			buildConfigurations = (
				39FACDAF1E9B6FAF00EF9F02 /* Debug */,
				39FACDB01E9B6FAF00EF9F02 /* Release */,
			);
			defaultConfigurationIsVisible = 0;
		};
/* End XCConfigurationList section */
	};
	rootObject = 39FACD941E9B6FAE00EF9F02 /* Project object */;
}
